
Microsoft Visual Studio Solution File, Format Version 12.00
# Visual Studio 15
VisualStudioVersion = 15.0.27004.2009
MinimumVisualStudioVersion = 10.0.40219.1
Project("{FAE04EC0-301F-11D3-BF4B-00C04F79EFBC}") = "Primitives2D", "Primitives2D.csproj", "{39AD1482-1881-4852-A05D-DC61B0D3446A}"
EndProject
Project("{FAE04EC0-301F-11D3-BF4B-00C04F79EFBC}") = "Sample", "Primitives2D.Sample\Sample\Sample.csproj", "{8458D706-F210-4698-87DF-F9396B8E79F3}"
EndProject
Global
	GlobalSection(SolutionConfigurationPlatforms) = preSolution
		Debug|Any CPU = Debug|Any CPU
		Debug|Mixed Platforms = Debug|Mixed Platforms
		Debug|Windows Phone = Debug|Windows Phone
		Debug|x86 = Debug|x86
		Release|Any CPU = Release|Any CPU
		Release|Mixed Platforms = Release|Mixed Platforms
		Release|Windows Phone = Release|Windows Phone
		Release|x86 = Release|x86
	EndGlobalSection
	GlobalSection(ProjectConfigurationPlatforms) = postSolution
		{39AD1482-1881-4852-A05D-DC61B0D3446A}.Debug|Any CPU.ActiveCfg = Debug|Any CPU
		{39AD1482-1881-4852-A05D-DC61B0D3446A}.Debug|Any CPU.Build.0 = Debug|Any CPU
		{39AD1482-1881-4852-A05D-DC61B0D3446A}.Debug|Mixed Platforms.ActiveCfg = Debug|Any CPU
		{39AD1482-1881-4852-A05D-DC61B0D3446A}.Debug|Mixed Platforms.Build.0 = Debug|Any CPU
		{39AD1482-1881-4852-A05D-DC61B0D3446A}.Debug|Windows Phone.ActiveCfg = Debug|Any CPU
		{39AD1482-1881-4852-A05D-DC61B0D3446A}.Debug|x86.ActiveCfg = Debug|Any CPU
		{39AD1482-1881-4852-A05D-DC61B0D3446A}.Release|Any CPU.ActiveCfg = Release|Any CPU
		{39AD1482-1881-4852-A05D-DC61B0D3446A}.Release|Any CPU.Build.0 = Release|Any CPU
		{39AD1482-1881-4852-A05D-DC61B0D3446A}.Release|Mixed Platforms.ActiveCfg = Release|Any CPU
		{39AD1482-1881-4852-A05D-DC61B0D3446A}.Release|Mixed Platforms.Build.0 = Release|Any CPU
		{39AD1482-1881-4852-A05D-DC61B0D3446A}.Release|Windows Phone.ActiveCfg = Release|Any CPU
		{39AD1482-1881-4852-A05D-DC61B0D3446A}.Release|x86.ActiveCfg = Release|Any CPU
		{8458D706-F210-4698-87DF-F9396B8E79F3}.Debug|Any CPU.ActiveCfg = Debug|Any CPU
		{8458D706-F210-4698-87DF-F9396B8E79F3}.Debug|Any CPU.Build.0 = Debug|Any CPU
		{8458D706-F210-4698-87DF-F9396B8E79F3}.Debug|Mixed Platforms.ActiveCfg = Debug|Any CPU
		{8458D706-F210-4698-87DF-F9396B8E79F3}.Debug|Mixed Platforms.Build.0 = Debug|Any CPU
		{8458D706-F210-4698-87DF-F9396B8E79F3}.Debug|Windows Phone.ActiveCfg = Debug|Any CPU
		{8458D706-F210-4698-87DF-F9396B8E79F3}.Debug|Windows Phone.Build.0 = Debug|Any CPU
		{8458D706-F210-4698-87DF-F9396B8E79F3}.Debug|x86.ActiveCfg = Debug|Any CPU
		{8458D706-F210-4698-87DF-F9396B8E79F3}.Debug|x86.Build.0 = Debug|Any CPU
		{8458D706-F210-4698-87DF-F9396B8E79F3}.Release|Any CPU.ActiveCfg = Release|Any CPU
		{8458D706-F210-4698-87DF-F9396B8E79F3}.Release|Any CPU.Build.0 = Release|Any CPU
		{8458D706-F210-4698-87DF-F9396B8E79F3}.Release|Mixed Platforms.ActiveCfg = Release|Any CPU
		{8458D706-F210-4698-87DF-F9396B8E79F3}.Release|Mixed Platforms.Build.0 = Release|Any CPU
		{8458D706-F210-4698-87DF-F9396B8E79F3}.Release|Windows Phone.ActiveCfg = Release|Any CPU
		{8458D706-F210-4698-87DF-F9396B8E79F3}.Release|Windows Phone.Build.0 = Release|Any CPU
		{8458D706-F210-4698-87DF-F9396B8E79F3}.Release|x86.ActiveCfg = Release|Any CPU
		{8458D706-F210-4698-87DF-F9396B8E79F3}.Release|x86.Build.0 = Release|Any CPU
	EndGlobalSection
	GlobalSection(SolutionProperties) = preSolution
		HideSolutionNode = FALSE
	EndGlobalSection
	GlobalSection(ExtensibilityGlobals) = postSolution
		SolutionGuid = {17642C4E-51A0-42C5-AA9D-46A882403EEF}
	EndGlobalSection
EndGlobal
